
Microsoft Visual Studio Solution File, Format Version 12.00
Project("{FAE04EC0-301F-11D3-BF4B-00C04F79EFBC}") = "WebApplication4", "WebApplication4\WebApplication4.csproj", "{04D7951B-9670-4D6C-9508-5A5711CFF009}"
EndProject
Project("{FAE04EC0-301F-11D3-BF4B-00C04F79EFBC}") = "Domain", "Domain\Domain.csproj", "{4B2BDD1C-D09F-448C-9977-A9FAA2CC7806}"
EndProject
Project("{FAE04EC0-301F-11D3-BF4B-00C04F79EFBC}") = "Service", "Service\Service.csproj", "{31CE35A7-FF17-4D1C-B99F-E198FC0B6A25}"
EndProject
Project("{FAE04EC0-301F-11D3-BF4B-00C04F79EFBC}") = "Tests", "Tests\Tests.csproj", "{9832C567-DE5A-4EAF-BDA7-F7548915A6F9}"
EndProject
Global
	GlobalSection(SolutionConfigurationPlatforms) = preSolution
		Debug|Any CPU = Debug|Any CPU
		Release|Any CPU = Release|Any CPU
	EndGlobalSection
	GlobalSection(ProjectConfigurationPlatforms) = postSolution
		{04D7951B-9670-4D6C-9508-5A5711CFF009}.Debug|Any CPU.ActiveCfg = Debug|Any CPU
		{04D7951B-9670-4D6C-9508-5A5711CFF009}.Debug|Any CPU.Build.0 = Debug|Any CPU
		{04D7951B-9670-4D6C-9508-5A5711CFF009}.Release|Any CPU.ActiveCfg = Release|Any CPU
		{04D7951B-9670-4D6C-9508-5A5711CFF009}.Release|Any CPU.Build.0 = Release|Any CPU
		{4B2BDD1C-D09F-448C-9977-A9FAA2CC7806}.Debug|Any CPU.ActiveCfg = Debug|Any CPU
		{4B2BDD1C-D09F-448C-9977-A9FAA2CC7806}.Debug|Any CPU.Build.0 = Debug|Any CPU
		{4B2BDD1C-D09F-448C-9977-A9FAA2CC7806}.Release|Any CPU.ActiveCfg = Release|Any CPU
		{4B2BDD1C-D09F-448C-9977-A9FAA2CC7806}.Release|Any CPU.Build.0 = Release|Any CPU
		{31CE35A7-FF17-4D1C-B99F-E198FC0B6A25}.Debug|Any CPU.ActiveCfg = Debug|Any CPU
		{31CE35A7-FF17-4D1C-B99F-E198FC0B6A25}.Debug|Any CPU.Build.0 = Debug|Any CPU
		{31CE35A7-FF17-4D1C-B99F-E198FC0B6A25}.Release|Any CPU.ActiveCfg = Release|Any CPU
		{31CE35A7-FF17-4D1C-B99F-E198FC0B6A25}.Release|Any CPU.Build.0 = Release|Any CPU
		{9832C567-DE5A-4EAF-BDA7-F7548915A6F9}.Debug|Any CPU.ActiveCfg = Debug|Any CPU
		{9832C567-DE5A-4EAF-BDA7-F7548915A6F9}.Debug|Any CPU.Build.0 = Debug|Any CPU
		{9832C567-DE5A-4EAF-BDA7-F7548915A6F9}.Release|Any CPU.ActiveCfg = Release|Any CPU
		{9832C567-DE5A-4EAF-BDA7-F7548915A6F9}.Release|Any CPU.Build.0 = Release|Any CPU
	EndGlobalSection
EndGlobal
